
Microsoft Visual Studio Solution File, Format Version 12.00
# Visual Studio Version 17
VisualStudioVersion = 17.11.35222.181
MinimumVisualStudioVersion = 10.0.40219.1
Project("{FAE04EC0-301F-11D3-BF4B-00C04F79EFBC}") = "Project Program 104", "Project Program 104\Project Program 104.csproj", "{2E03F394-DB85-43AE-8EF0-DFA1EE4AC8B2}"
EndProject
Global
	GlobalSection(SolutionConfigurationPlatforms) = preSolution
		Debug|Any CPU = Debug|Any CPU
		Release|Any CPU = Release|Any CPU
	EndGlobalSection
	GlobalSection(ProjectConfigurationPlatforms) = postSolution
		{2E03F394-DB85-43AE-8EF0-DFA1EE4AC8B2}.Debug|Any CPU.ActiveCfg = Debug|Any CPU
		{2E03F394-DB85-43AE-8EF0-DFA1EE4AC8B2}.Debug|Any CPU.Build.0 = Debug|Any CPU
		{2E03F394-DB85-43AE-8EF0-DFA1EE4AC8B2}.Release|Any CPU.ActiveCfg = Release|Any CPU
		{2E03F394-DB85-43AE-8EF0-DFA1EE4AC8B2}.Release|Any CPU.Build.0 = Release|Any CPU
	EndGlobalSection
	GlobalSection(SolutionProperties) = preSolution
		HideSolutionNode = FALSE
	EndGlobalSection
	GlobalSection(ExtensibilityGlobals) = postSolution
		SolutionGuid = {61B370DA-A245-43F4-8469-49DA807FB5C5}
	EndGlobalSection
EndGlobal
